hash: 05e26b4f6558867aff6524b97429430e3f73971a0d5f304f361a66a92c770fe1
updated: 2016-12-20T08:46:21.718447331-07:00
imports:
- name: github.com/lann/builder
  version: f22ce00fd9394014049dad11c244859432bd6820
- name: github.com/lann/ps
  version: 62de8c46ede02a7675c4c79c84883eb164cb71e3
- name: github.com/lib/pq
  version: 5bf161122cd640c2a5a2c1d7fa49ea9befff31dd
- name: github.com/Masterminds/squirrel
  version: 20f192218cf52a73397fa2df45bdda720f3e47c8
devImports: []
